
Microsoft Visual Studio Solution File, Format Version 12.00
# Visual Studio Version 16
VisualStudioVersion = 16.0.29728.190
MinimumVisualStudioVersion = 10.0.40219.1
Project("{9A19103F-16F7-4668-BE54-9A1E7A4F7556}") = "Global", "CoreVirtualTelemetry\Global.csproj", "{9857EA0E-8AA5-40E0-89CC-9E5599180598}"
EndProject
Project("{9A19103F-16F7-4668-BE54-9A1E7A4F7556}") = "CoreService", "CoreService\CoreService.csproj", "{85D15D4A-6122-4655-AC04-57101B213440}"
EndProject
Project("{9A19103F-16F7-4668-BE54-9A1E7A4F7556}") = "CoreServiceTests", "CoreServiceTests\CoreServiceTests.csproj", "{46793E6F-EC9D-4203-94B0-7FD23C1DC74C}"
EndProject
Project("{9A19103F-16F7-4668-BE54-9A1E7A4F7556}") = "WebUI", "WebUI\WebUI.csproj", "{EA14A582-850F-4AF1-B6FD-A1471C6DAC0C}"
EndProject
Global
	GlobalSection(SolutionConfigurationPlatforms) = preSolution
		Debug|Any CPU = Debug|Any CPU
		Release|Any CPU = Release|Any CPU
	EndGlobalSection
	GlobalSection(ProjectConfigurationPlatforms) = postSolution
		{9857EA0E-8AA5-40E0-89CC-9E5599180598}.Debug|Any CPU.ActiveCfg = Debug|Any CPU
		{9857EA0E-8AA5-40E0-89CC-9E5599180598}.Debug|Any CPU.Build.0 = Debug|Any CPU
		{9857EA0E-8AA5-40E0-89CC-9E5599180598}.Release|Any CPU.ActiveCfg = Release|Any CPU
		{9857EA0E-8AA5-40E0-89CC-9E5599180598}.Release|Any CPU.Build.0 = Release|Any CPU
		{85D15D4A-6122-4655-AC04-57101B213440}.Debug|Any CPU.ActiveCfg = Debug|Any CPU
		{85D15D4A-6122-4655-AC04-57101B213440}.Debug|Any CPU.Build.0 = Debug|Any CPU
		{85D15D4A-6122-4655-AC04-57101B213440}.Release|Any CPU.ActiveCfg = Release|Any CPU
		{85D15D4A-6122-4655-AC04-57101B213440}.Release|Any CPU.Build.0 = Release|Any CPU
		{46793E6F-EC9D-4203-94B0-7FD23C1DC74C}.Debug|Any CPU.ActiveCfg = Debug|Any CPU
		{46793E6F-EC9D-4203-94B0-7FD23C1DC74C}.Debug|Any CPU.Build.0 = Debug|Any CPU
		{46793E6F-EC9D-4203-94B0-7FD23C1DC74C}.Release|Any CPU.ActiveCfg = Release|Any CPU
		{46793E6F-EC9D-4203-94B0-7FD23C1DC74C}.Release|Any CPU.Build.0 = Release|Any CPU
		{EA14A582-850F-4AF1-B6FD-A1471C6DAC0C}.Debug|Any CPU.ActiveCfg = Debug|Any CPU
		{EA14A582-850F-4AF1-B6FD-A1471C6DAC0C}.Debug|Any CPU.Build.0 = Debug|Any CPU
		{EA14A582-850F-4AF1-B6FD-A1471C6DAC0C}.Release|Any CPU.ActiveCfg = Release|Any CPU
		{EA14A582-850F-4AF1-B6FD-A1471C6DAC0C}.Release|Any CPU.Build.0 = Release|Any CPU
	EndGlobalSection
	GlobalSection(SolutionProperties) = preSolution
		HideSolutionNode = FALSE
	EndGlobalSection
	GlobalSection(ExtensibilityGlobals) = postSolution
		SolutionGuid = {49835545-33D2-4089-BE81-DE6111C2EBA2}
	EndGlobalSection
EndGlobal
